{
  "upstream_repo": "b-jesch/skin.estuary.modv2",
  "upstream_branch": "Omega",
  "upstream_sha": "8d9b2c7c304c6f0226cd40e24819061c6165a6ec",
  "upstream_version": "21.4+omega.4",
  "upstream_tarball_sha256": "d79be3426a6f04c130bb0977bacfeea7b167a6f6cf4760bd281c3c79358bd3e2",
  "pin_evidence": "2026-07-10: addon.xml + stock .bak snapshots of Home.xml, Font.xml, Includes_PVR.xml, DialogPVRChannelGuide.xml on the Office Fire TV all md5-match this commit; upstream head is already 21.4+omega.5 (15e10710) - the omega.5 rebase is a deliberate later exercise, not the baseline",
  "our_version": "1.0.77",
  "zip_sha256": "58e87a3ada66294272e8f7aab1e1954b126ca91b04e6b14498c28050b49527dd"
}
